
Microsoft Visual Studio Solution File, Format Version 12.00
Project("{2150E333-8FDC-42A3-9474-1A3956D46DE8}") = "src", "src", "{0A839A5D-6C25-49CA-BCB1-FE261FC828E5}"
EndProject
Project("{2150E333-8FDC-42A3-9474-1A3956D46DE8}") = "tests", "tests", "{89C1B6A5-3BEE-45EE-9CB2-BFB6E095DE0B}"
EndProject
Project("{2150E333-8FDC-42A3-9474-1A3956D46DE8}") = "common", "common", "{94BDAC5C-393D-4954-B8DC-93B28CB6F12C}"
	ProjectSection(SolutionItems) = preProject
		.editorconfig = .editorconfig
		.gitignore = .gitignore
	EndProjectSection
EndProject
Project("{FAE04EC0-301F-11D3-BF4B-00C04F79EFBC}") = "Gml.Core", "src\Gml.Core\Gml.Core.csproj", "{21CA74E3-F9EA-4640-B5EF-EA3428FEECE8}"
EndProject
Project("{FAE04EC0-301F-11D3-BF4B-00C04F79EFBC}") = "Gml.Core.Interfaces", "src\Gml.Core.Interfaces\Gml.Core.Interfaces.csproj", "{3426695D-144A-4055-AC70-ED29B8180217}"
EndProject
Project("{FAE04EC0-301F-11D3-BF4B-00C04F79EFBC}") = "GmlCore.Tests", "tests\GmlCore.Tests\GmlCore.Tests.csproj", "{F437E3A7-05A0-481F-88F2-5769F116A39F}"
EndProject
Project("{FAE04EC0-301F-11D3-BF4B-00C04F79EFBC}") = "CmlLib.Core.Installer.Forge", "src\CmlLib.Core.Installer.Forge\CmlLib.Core.Installer.Forge\CmlLib.Core.Installer.Forge.csproj", "{32674E30-4ED0-46F4-9133-696A21E6887A}"
EndProject
Project("{FAE04EC0-301F-11D3-BF4B-00C04F79EFBC}") = "Gml.Common", "src\Gml.Common\Gml.Common\Gml.Common.csproj", "{02F6EFE2-6A85-40EE-9E7A-F3E32CFDF075}"
EndProject
Project("{FAE04EC0-301F-11D3-BF4B-00C04F79EFBC}") = "Pingo", "src\Pingo\Pingo\Pingo.csproj", "{FEBB9BAD-A445-4965-927C-3DED320900BD}"
EndProject
Project("{FAE04EC0-301F-11D3-BF4B-00C04F79EFBC}") = "CmlLib.Core", "src\CmlLib.ExtendedCore\src\CmlLib.Core.csproj", "{38EE037C-2328-45EB-88FA-11E68F789721}"
EndProject
Project("{FAE04EC0-301F-11D3-BF4B-00C04F79EFBC}") = "CmlLib.Core.Installer.NeoForge", "src\CmlLib.Core.Installer.NeoForge\CmlLib.Core.Installer.NeoForge\CmlLib.Core.Installer.NeoForge.csproj", "{D71F06C6-8DAF-4A2E-A278-5D03667B3329}"
EndProject
Global
	GlobalSection(SolutionConfigurationPlatforms) = preSolution
		Debug|Any CPU = Debug|Any CPU
		Release|Any CPU = Release|Any CPU
	EndGlobalSection
	GlobalSection(ProjectConfigurationPlatforms) = postSolution
		{21CA74E3-F9EA-4640-B5EF-EA3428FEECE8}.Debug|Any CPU.ActiveCfg = Debug|Any CPU
		{21CA74E3-F9EA-4640-B5EF-EA3428FEECE8}.Debug|Any CPU.Build.0 = Debug|Any CPU
		{21CA74E3-F9EA-4640-B5EF-EA3428FEECE8}.Release|Any CPU.ActiveCfg = Release|Any CPU
		{21CA74E3-F9EA-4640-B5EF-EA3428FEECE8}.Release|Any CPU.Build.0 = Release|Any CPU
		{3426695D-144A-4055-AC70-ED29B8180217}.Debug|Any CPU.ActiveCfg = Debug|Any CPU
		{3426695D-144A-4055-AC70-ED29B8180217}.Debug|Any CPU.Build.0 = Debug|Any CPU
		{3426695D-144A-4055-AC70-ED29B8180217}.Release|Any CPU.ActiveCfg = Release|Any CPU
		{3426695D-144A-4055-AC70-ED29B8180217}.Release|Any CPU.Build.0 = Release|Any CPU
		{F437E3A7-05A0-481F-88F2-5769F116A39F}.Debug|Any CPU.ActiveCfg = Debug|Any CPU
		{F437E3A7-05A0-481F-88F2-5769F116A39F}.Debug|Any CPU.Build.0 = Debug|Any CPU
		{F437E3A7-05A0-481F-88F2-5769F116A39F}.Release|Any CPU.ActiveCfg = Release|Any CPU
		{F437E3A7-05A0-481F-88F2-5769F116A39F}.Release|Any CPU.Build.0 = Release|Any CPU
		{32674E30-4ED0-46F4-9133-696A21E6887A}.Debug|Any CPU.ActiveCfg = Debug|Any CPU
		{32674E30-4ED0-46F4-9133-696A21E6887A}.Debug|Any CPU.Build.0 = Debug|Any CPU
		{32674E30-4ED0-46F4-9133-696A21E6887A}.Release|Any CPU.ActiveCfg = Release|Any CPU
		{32674E30-4ED0-46F4-9133-696A21E6887A}.Release|Any CPU.Build.0 = Release|Any CPU
		{02F6EFE2-6A85-40EE-9E7A-F3E32CFDF075}.Debug|Any CPU.ActiveCfg = Debug|Any CPU
		{02F6EFE2-6A85-40EE-9E7A-F3E32CFDF075}.Debug|Any CPU.Build.0 = Debug|Any CPU
		{02F6EFE2-6A85-40EE-9E7A-F3E32CFDF075}.Release|Any CPU.ActiveCfg = Release|Any CPU
		{02F6EFE2-6A85-40EE-9E7A-F3E32CFDF075}.Release|Any CPU.Build.0 = Release|Any CPU
		{FEBB9BAD-A445-4965-927C-3DED320900BD}.Debug|Any CPU.ActiveCfg = Debug|Any CPU
		{FEBB9BAD-A445-4965-927C-3DED320900BD}.Debug|Any CPU.Build.0 = Debug|Any CPU
		{FEBB9BAD-A445-4965-927C-3DED320900BD}.Release|Any CPU.ActiveCfg = Release|Any CPU
		{FEBB9BAD-A445-4965-927C-3DED320900BD}.Release|Any CPU.Build.0 = Release|Any CPU
		{38EE037C-2328-45EB-88FA-11E68F789721}.Debug|Any CPU.ActiveCfg = Debug|Any CPU
		{38EE037C-2328-45EB-88FA-11E68F789721}.Debug|Any CPU.Build.0 = Debug|Any CPU
		{38EE037C-2328-45EB-88FA-11E68F789721}.Release|Any CPU.ActiveCfg = Release|Any CPU
		{38EE037C-2328-45EB-88FA-11E68F789721}.Release|Any CPU.Build.0 = Release|Any CPU
		{D71F06C6-8DAF-4A2E-A278-5D03667B3329}.Debug|Any CPU.ActiveCfg = Debug|Any CPU
		{D71F06C6-8DAF-4A2E-A278-5D03667B3329}.Debug|Any CPU.Build.0 = Debug|Any CPU
		{D71F06C6-8DAF-4A2E-A278-5D03667B3329}.Release|Any CPU.ActiveCfg = Release|Any CPU
		{D71F06C6-8DAF-4A2E-A278-5D03667B3329}.Release|Any CPU.Build.0 = Release|Any CPU
	EndGlobalSection
	GlobalSection(NestedProjects) = preSolution
		{21CA74E3-F9EA-4640-B5EF-EA3428FEECE8} = {0A839A5D-6C25-49CA-BCB1-FE261FC828E5}
		{3426695D-144A-4055-AC70-ED29B8180217} = {0A839A5D-6C25-49CA-BCB1-FE261FC828E5}
		{F437E3A7-05A0-481F-88F2-5769F116A39F} = {89C1B6A5-3BEE-45EE-9CB2-BFB6E095DE0B}
		{32674E30-4ED0-46F4-9133-696A21E6887A} = {0A839A5D-6C25-49CA-BCB1-FE261FC828E5}
		{02F6EFE2-6A85-40EE-9E7A-F3E32CFDF075} = {0A839A5D-6C25-49CA-BCB1-FE261FC828E5}
		{FEBB9BAD-A445-4965-927C-3DED320900BD} = {0A839A5D-6C25-49CA-BCB1-FE261FC828E5}
		{38EE037C-2328-45EB-88FA-11E68F789721} = {0A839A5D-6C25-49CA-BCB1-FE261FC828E5}
		{D71F06C6-8DAF-4A2E-A278-5D03667B3329} = {0A839A5D-6C25-49CA-BCB1-FE261FC828E5}
	EndGlobalSection
EndGlobal
