
Microsoft Visual Studio Solution File, Format Version 12.00
Project("{2150E333-8FDC-42A3-9474-1A3956D46DE8}") = "src", "src", "{0A839A5D-6C25-49CA-BCB1-FE261FC828E5}"
EndProject
Project("{2150E333-8FDC-42A3-9474-1A3956D46DE8}") = "tests", "tests", "{89C1B6A5-3BEE-45EE-9CB2-BFB6E095DE0B}"
EndProject
Project("{2150E333-8FDC-42A3-9474-1A3956D46DE8}") = "common", "common", "{94BDAC5C-393D-4954-B8DC-93B28CB6F12C}"
	ProjectSection(SolutionItems) = preProject
		.editorconfig = .editorconfig
		.gitignore = .gitignore
		README.md = README.md
		LICENSE = LICENSE
		.github\workflows\nuget-package.yml = .github\workflows\nuget-package.yml
	EndProjectSection
EndProject
Project("{FAE04EC0-301F-11D3-BF4B-00C04F79EFBC}") = "Gml.Core", "src\Gml.Core\Gml.Core.csproj", "{21CA74E3-F9EA-4640-B5EF-EA3428FEECE8}"
EndProject
Project("{FAE04EC0-301F-11D3-BF4B-00C04F79EFBC}") = "GmlCore.Tests", "tests\GmlCore.Tests\GmlCore.Tests.csproj", "{F437E3A7-05A0-481F-88F2-5769F116A39F}"
EndProject
Project("{FAE04EC0-301F-11D3-BF4B-00C04F79EFBC}") = "Gml.Common", "src\Gml.Common\Gml.Common\Gml.Common.csproj", "{02F6EFE2-6A85-40EE-9E7A-F3E32CFDF075}"
EndProject
Project("{FAE04EC0-301F-11D3-BF4B-00C04F79EFBC}") = "Modrinth.Api", "src\Modrinth.Api\src\Modrinth.Api\Modrinth.Api.csproj", "{4B637543-BDAC-4C14-A8E4-12E3D0CF551A}"
EndProject
Project("{2150E333-8FDC-42A3-9474-1A3956D46DE8}") = "Modrinth", "Modrinth", "{AC4FB06E-4200-4AE2-A739-7B25DE1B7E9E}"
EndProject
Project("{FAE04EC0-301F-11D3-BF4B-00C04F79EFBC}") = "Modrinth.Api.Domains", "src\Modrinth.Api\src\Modrinth.Api.Domains\Modrinth.Api.Domains.csproj", "{073FBC05-E8F1-480C-8799-0F31B038B6E7}"
EndProject
Project("{2150E333-8FDC-42A3-9474-1A3956D46DE8}") = "Core", "Core", "{7A24CB48-82C7-4F8D-9511-DF69E8F8A342}"
EndProject
Project("{2150E333-8FDC-42A3-9474-1A3956D46DE8}") = "Common", "Common", "{FC610D36-F382-4BFA-A865-A70F18EFD771}"
EndProject
Project("{2150E333-8FDC-42A3-9474-1A3956D46DE8}") = "sample", "sample", "{08346264-61DD-450B-93E9-F85E84E5C8F9}"
EndProject
Project("{FAE04EC0-301F-11D3-BF4B-00C04F79EFBC}") = "Gml.Core.Sample.Console", "src\Gml.Core.Sample.Console\Gml.Core.Sample.Console.csproj", "{62B4117D-94E6-433E-B76C-38A79E788180}"
EndProject
Project("{FAE04EC0-301F-11D3-BF4B-00C04F79EFBC}") = "Gml.Interfaces", "src\Gml.Interfaces\Gml.Interfaces.csproj", "{FABFCC93-2A2F-4B0E-96B3-1AE24F210B8A}"
EndProject
Project("{FAE04EC0-301F-11D3-BF4B-00C04F79EFBC}") = "Gml.Dto", "src\Gml.Dto\Gml.Dto.csproj", "{AB8DEDD3-FED6-44F5-9DF9-02E7A4B2E9DF}"
EndProject
Project("{FAE04EC0-301F-11D3-BF4B-00C04F79EFBC}") = "Gml.Domains", "src\Gml.Domains\Gml.Domains.csproj", "{9A258A51-9828-49A5-A473-F100AB8A804D}"
EndProject
Global
	GlobalSection(SolutionConfigurationPlatforms) = preSolution
		Debug|Any CPU = Debug|Any CPU
		Release|Any CPU = Release|Any CPU
	EndGlobalSection
	GlobalSection(ProjectConfigurationPlatforms) = postSolution
		{21CA74E3-F9EA-4640-B5EF-EA3428FEECE8}.Debug|Any CPU.ActiveCfg = Debug|Any CPU
		{21CA74E3-F9EA-4640-B5EF-EA3428FEECE8}.Debug|Any CPU.Build.0 = Debug|Any CPU
		{21CA74E3-F9EA-4640-B5EF-EA3428FEECE8}.Release|Any CPU.ActiveCfg = Release|Any CPU
		{21CA74E3-F9EA-4640-B5EF-EA3428FEECE8}.Release|Any CPU.Build.0 = Release|Any CPU
		{F437E3A7-05A0-481F-88F2-5769F116A39F}.Debug|Any CPU.ActiveCfg = Debug|Any CPU
		{F437E3A7-05A0-481F-88F2-5769F116A39F}.Debug|Any CPU.Build.0 = Debug|Any CPU
		{F437E3A7-05A0-481F-88F2-5769F116A39F}.Release|Any CPU.ActiveCfg = Release|Any CPU
		{F437E3A7-05A0-481F-88F2-5769F116A39F}.Release|Any CPU.Build.0 = Release|Any CPU
		{02F6EFE2-6A85-40EE-9E7A-F3E32CFDF075}.Debug|Any CPU.ActiveCfg = Debug|Any CPU
		{02F6EFE2-6A85-40EE-9E7A-F3E32CFDF075}.Debug|Any CPU.Build.0 = Debug|Any CPU
		{02F6EFE2-6A85-40EE-9E7A-F3E32CFDF075}.Release|Any CPU.ActiveCfg = Release|Any CPU
		{02F6EFE2-6A85-40EE-9E7A-F3E32CFDF075}.Release|Any CPU.Build.0 = Release|Any CPU
		{4B637543-BDAC-4C14-A8E4-12E3D0CF551A}.Debug|Any CPU.ActiveCfg = Debug|Any CPU
		{4B637543-BDAC-4C14-A8E4-12E3D0CF551A}.Debug|Any CPU.Build.0 = Debug|Any CPU
		{4B637543-BDAC-4C14-A8E4-12E3D0CF551A}.Release|Any CPU.ActiveCfg = Release|Any CPU
		{4B637543-BDAC-4C14-A8E4-12E3D0CF551A}.Release|Any CPU.Build.0 = Release|Any CPU
		{073FBC05-E8F1-480C-8799-0F31B038B6E7}.Debug|Any CPU.ActiveCfg = Debug|Any CPU
		{073FBC05-E8F1-480C-8799-0F31B038B6E7}.Debug|Any CPU.Build.0 = Debug|Any CPU
		{073FBC05-E8F1-480C-8799-0F31B038B6E7}.Release|Any CPU.ActiveCfg = Release|Any CPU
		{073FBC05-E8F1-480C-8799-0F31B038B6E7}.Release|Any CPU.Build.0 = Release|Any CPU
		{62B4117D-94E6-433E-B76C-38A79E788180}.Debug|Any CPU.ActiveCfg = Debug|Any CPU
		{62B4117D-94E6-433E-B76C-38A79E788180}.Debug|Any CPU.Build.0 = Debug|Any CPU
		{62B4117D-94E6-433E-B76C-38A79E788180}.Release|Any CPU.ActiveCfg = Release|Any CPU
		{62B4117D-94E6-433E-B76C-38A79E788180}.Release|Any CPU.Build.0 = Release|Any CPU
		{FABFCC93-2A2F-4B0E-96B3-1AE24F210B8A}.Debug|Any CPU.ActiveCfg = Debug|Any CPU
		{FABFCC93-2A2F-4B0E-96B3-1AE24F210B8A}.Debug|Any CPU.Build.0 = Debug|Any CPU
		{FABFCC93-2A2F-4B0E-96B3-1AE24F210B8A}.Release|Any CPU.ActiveCfg = Release|Any CPU
		{FABFCC93-2A2F-4B0E-96B3-1AE24F210B8A}.Release|Any CPU.Build.0 = Release|Any CPU
		{AB8DEDD3-FED6-44F5-9DF9-02E7A4B2E9DF}.Debug|Any CPU.ActiveCfg = Debug|Any CPU
		{AB8DEDD3-FED6-44F5-9DF9-02E7A4B2E9DF}.Debug|Any CPU.Build.0 = Debug|Any CPU
		{AB8DEDD3-FED6-44F5-9DF9-02E7A4B2E9DF}.Release|Any CPU.ActiveCfg = Release|Any CPU
		{AB8DEDD3-FED6-44F5-9DF9-02E7A4B2E9DF}.Release|Any CPU.Build.0 = Release|Any CPU
		{9A258A51-9828-49A5-A473-F100AB8A804D}.Debug|Any CPU.ActiveCfg = Debug|Any CPU
		{9A258A51-9828-49A5-A473-F100AB8A804D}.Debug|Any CPU.Build.0 = Debug|Any CPU
		{9A258A51-9828-49A5-A473-F100AB8A804D}.Release|Any CPU.ActiveCfg = Release|Any CPU
		{9A258A51-9828-49A5-A473-F100AB8A804D}.Release|Any CPU.Build.0 = Release|Any CPU
	EndGlobalSection
	GlobalSection(NestedProjects) = preSolution
		{F437E3A7-05A0-481F-88F2-5769F116A39F} = {89C1B6A5-3BEE-45EE-9CB2-BFB6E095DE0B}
		{AC4FB06E-4200-4AE2-A739-7B25DE1B7E9E} = {0A839A5D-6C25-49CA-BCB1-FE261FC828E5}
		{4B637543-BDAC-4C14-A8E4-12E3D0CF551A} = {AC4FB06E-4200-4AE2-A739-7B25DE1B7E9E}
		{073FBC05-E8F1-480C-8799-0F31B038B6E7} = {AC4FB06E-4200-4AE2-A739-7B25DE1B7E9E}
		{7A24CB48-82C7-4F8D-9511-DF69E8F8A342} = {0A839A5D-6C25-49CA-BCB1-FE261FC828E5}
		{02F6EFE2-6A85-40EE-9E7A-F3E32CFDF075} = {7A24CB48-82C7-4F8D-9511-DF69E8F8A342}
		{21CA74E3-F9EA-4640-B5EF-EA3428FEECE8} = {7A24CB48-82C7-4F8D-9511-DF69E8F8A342}
		{FC610D36-F382-4BFA-A865-A70F18EFD771} = {0A839A5D-6C25-49CA-BCB1-FE261FC828E5}
		{62B4117D-94E6-433E-B76C-38A79E788180} = {08346264-61DD-450B-93E9-F85E84E5C8F9}
		{FABFCC93-2A2F-4B0E-96B3-1AE24F210B8A} = {7A24CB48-82C7-4F8D-9511-DF69E8F8A342}
		{AB8DEDD3-FED6-44F5-9DF9-02E7A4B2E9DF} = {FC610D36-F382-4BFA-A865-A70F18EFD771}
		{9A258A51-9828-49A5-A473-F100AB8A804D} = {FC610D36-F382-4BFA-A865-A70F18EFD771}
	EndGlobalSection
EndGlobal
